
Microsoft Visual Studio Solution File, Format Version 12.00
# Visual Studio 2012
Project("{FAE04EC0-301F-11D3-BF4B-00C04F79EFBC}") = "NewTab.Test", "NewTab.Test\NewTab.Test.csproj", "{614225F7-CA16-4473-B490-3FB23FEB4C82}"
EndProject
Project("{E24C65DC-7377-472B-9ABA-BC803B73C61A}") = "NewTab.POC", "http://localhost:5491", "{85905558-7741-49D1-9A05-1FF4B201681B}"
	ProjectSection(WebsiteProperties) = preProject
		UseIISExpress = "true"
		TargetFrameworkMoniker = ".NETFramework,Version%3Dv4.5.1"
		Debug.AspNetCompiler.VirtualPath = "/localhost_5491"
		Debug.AspNetCompiler.PhysicalPath = "NewTab.POC\"
		Debug.AspNetCompiler.TargetPath = "PrecompiledWeb\localhost_5491\"
		Debug.AspNetCompiler.Updateable = "true"
		Debug.AspNetCompiler.ForceOverwrite = "true"
		Debug.AspNetCompiler.FixedNames = "false"
		Debug.AspNetCompiler.Debug = "True"
		Release.AspNetCompiler.VirtualPath = "/localhost_5491"
		Release.AspNetCompiler.PhysicalPath = "NewTab.POC\"
		Release.AspNetCompiler.TargetPath = "PrecompiledWeb\localhost_5491\"
		Release.AspNetCompiler.Updateable = "true"
		Release.AspNetCompiler.ForceOverwrite = "true"
		Release.AspNetCompiler.FixedNames = "false"
		Release.AspNetCompiler.Debug = "False"
		SlnRelativePath = "NewTab.POC\"
	EndProjectSection
EndProject
Project("{FAE04EC0-301F-11D3-BF4B-00C04F79EFBC}") = "NewTab.Web", "FirstTab.Web\NewTab.Web.csproj", "{F8B1EC74-A1E1-4BDA-9567-EAAFEB6F3842}"
EndProject
Project("{FAE04EC0-301F-11D3-BF4B-00C04F79EFBC}") = "NewTab.Data", "NewTab.Data\NewTab.Data.csproj", "{C0141B22-EE07-46C5-ADC0-E6BE56CA7791}"
EndProject
Project("{E24C65DC-7377-472B-9ABA-BC803B73C61A}") = "NewTab.Extension", "http://localhost:11359", "{E91C9521-0D01-49A5-AF9E-76F74F38AF84}"
	ProjectSection(WebsiteProperties) = preProject
		UseIISExpress = "true"
		TargetFrameworkMoniker = ".NETFramework,Version%3Dv4.5"
		Debug.AspNetCompiler.VirtualPath = "/localhost_11359"
		Debug.AspNetCompiler.PhysicalPath = "NewTab.Extension\"
		Debug.AspNetCompiler.TargetPath = "PrecompiledWeb\localhost_11359\"
		Debug.AspNetCompiler.Updateable = "true"
		Debug.AspNetCompiler.ForceOverwrite = "true"
		Debug.AspNetCompiler.FixedNames = "false"
		Debug.AspNetCompiler.Debug = "True"
		Release.AspNetCompiler.VirtualPath = "/localhost_11359"
		Release.AspNetCompiler.PhysicalPath = "NewTab.Extension\"
		Release.AspNetCompiler.TargetPath = "PrecompiledWeb\localhost_11359\"
		Release.AspNetCompiler.Updateable = "true"
		Release.AspNetCompiler.ForceOverwrite = "true"
		Release.AspNetCompiler.FixedNames = "false"
		Release.AspNetCompiler.Debug = "False"
		SlnRelativePath = "NewTab.Extension\"
		DefaultWebSiteLanguage = "Visual Basic"
	EndProjectSection
EndProject
Global
	GlobalSection(SolutionConfigurationPlatforms) = preSolution
		Debug|Any CPU = Debug|Any CPU
		Release|Any CPU = Release|Any CPU
	EndGlobalSection
	GlobalSection(ProjectConfigurationPlatforms) = postSolution
		{614225F7-CA16-4473-B490-3FB23FEB4C82}.Debug|Any CPU.ActiveCfg = Debug|Any CPU
		{614225F7-CA16-4473-B490-3FB23FEB4C82}.Debug|Any CPU.Build.0 = Debug|Any CPU
		{614225F7-CA16-4473-B490-3FB23FEB4C82}.Release|Any CPU.ActiveCfg = Release|Any CPU
		{614225F7-CA16-4473-B490-3FB23FEB4C82}.Release|Any CPU.Build.0 = Release|Any CPU
		{85905558-7741-49D1-9A05-1FF4B201681B}.Debug|Any CPU.ActiveCfg = Debug|Any CPU
		{85905558-7741-49D1-9A05-1FF4B201681B}.Debug|Any CPU.Build.0 = Debug|Any CPU
		{85905558-7741-49D1-9A05-1FF4B201681B}.Release|Any CPU.ActiveCfg = Debug|Any CPU
		{85905558-7741-49D1-9A05-1FF4B201681B}.Release|Any CPU.Build.0 = Debug|Any CPU
		{F8B1EC74-A1E1-4BDA-9567-EAAFEB6F3842}.Debug|Any CPU.ActiveCfg = Debug|Any CPU
		{F8B1EC74-A1E1-4BDA-9567-EAAFEB6F3842}.Debug|Any CPU.Build.0 = Debug|Any CPU
		{F8B1EC74-A1E1-4BDA-9567-EAAFEB6F3842}.Release|Any CPU.ActiveCfg = Release|Any CPU
		{F8B1EC74-A1E1-4BDA-9567-EAAFEB6F3842}.Release|Any CPU.Build.0 = Release|Any CPU
		{C0141B22-EE07-46C5-ADC0-E6BE56CA7791}.Debug|Any CPU.ActiveCfg = Debug|Any CPU
		{C0141B22-EE07-46C5-ADC0-E6BE56CA7791}.Debug|Any CPU.Build.0 = Debug|Any CPU
		{C0141B22-EE07-46C5-ADC0-E6BE56CA7791}.Release|Any CPU.ActiveCfg = Release|Any CPU
		{C0141B22-EE07-46C5-ADC0-E6BE56CA7791}.Release|Any CPU.Build.0 = Release|Any CPU
		{E91C9521-0D01-49A5-AF9E-76F74F38AF84}.Debug|Any CPU.ActiveCfg = Debug|Any CPU
		{E91C9521-0D01-49A5-AF9E-76F74F38AF84}.Debug|Any CPU.Build.0 = Debug|Any CPU
		{E91C9521-0D01-49A5-AF9E-76F74F38AF84}.Release|Any CPU.ActiveCfg = Debug|Any CPU
		{E91C9521-0D01-49A5-AF9E-76F74F38AF84}.Release|Any CPU.Build.0 = Debug|Any CPU
	EndGlobalSection
	GlobalSection(SolutionProperties) = preSolution
		HideSolutionNode = FALSE
	EndGlobalSection
EndGlobal
